// !$*UTF8*$!
{
	archiveVersion = 1;
	classes = {
	};
	objectVersion = 46;
	objects = {

/* Begin PBXBuildFile section */
		35B0D55B18D1331B00BB8A74 /* Foundation.framework in Frameworks */ = {isa = PBXBuildFile; fileRef = 35B0D55A18D1331B00BB8A74 /* Foundation.framework */; };
		35B0D55D18D1331B00BB8A74 /* CoreGraphics.framework in Frameworks */ = {isa = PBXBuildFile; fileRef = 35B0D55C18D1331B00BB8A74 /* CoreGraphics.framework */; };
		35B0D55F18D1331B00BB8A74 /* UIKit.framework in Frameworks */ = {isa = PBXBuildFile; fileRef = 35B0D55E18D1331B00BB8A74 /* UIKit.framework */; };
		35B0D56518D1331B00BB8A74 /* InfoPlist.strings in Resources */ = {isa = PBXBuildFile; fileRef = 35B0D56318D1331B00BB8A74 /* InfoPlist.strings */; };
		35B0D56718D1331B00BB8A74 /* main.m in Sources */ = {isa = PBXBuildFile; fileRef = 35B0D56618D1331B00BB8A74 /* main.m */; };
		35B0D56B18D1331B00BB8A74 /* AppDelegate.m in Sources */ = {isa = PBXBuildFile; fileRef = 35B0D56A18D1331B00BB8A74 /* AppDelegate.m */; };
		35B0D56E18D1331B00BB8A74 /* Main.storyboard in Resources */ = {isa = PBXBuildFile; fileRef = 35B0D56C18D1331B00BB8A74 /* Main.storyboard */; };
		35B0D57118D1331B00BB8A74 /* ViewController.m in Sources */ = {isa = PBXBuildFile; fileRef = 35B0D57018D1331B00BB8A74 /* ViewController.m */; };
		35B0D57318D1331B00BB8A74 /* Images.xcassets in Resources */ = {isa = PBXBuildFile; fileRef = 35B0D57218D1331B00BB8A74 /* Images.xcassets */; };
		35B0D57A18D1331B00BB8A74 /* XCTest.framework in Frameworks */ = {isa = PBXBuildFile; fileRef = 35B0D57918D1331B00BB8A74 /* XCTest.framework */; };
		35B0D57B18D1331B00BB8A74 /* Foundation.framework in Frameworks */ = {isa = PBXBuildFile; fileRef = 35B0D55A18D1331B00BB8A74 /* Foundation.framework */; };
		35B0D57C18D1331B00BB8A74 /* UIKit.framework in Frameworks */ = {isa = PBXBuildFile; fileRef = 35B0D55E18D1331B00BB8A74 /* UIKit.framework */; };
		35B0D58418D1331B00BB8A74 /* InfoPlist.strings in Resources */ = {isa = PBXBuildFile; fileRef = 35B0D58218D1331B00BB8A74 /* InfoPlist.strings */; };
		35B0D58618D1331B00BB8A74 /* InfiniteScrollViewTestTests.m in Sources */ = {isa = PBXBuildFile; fileRef = 35B0D58518D1331B00BB8A74 /* InfiniteScrollViewTestTests.m */; };
		35B0D59218D1333E00BB8A74 /* HEInfiniteScrollView.m in Sources */ = {isa = PBXBuildFile; fileRef = 35B0D59118D1333E00BB8A74 /* HEInfiniteScrollView.m */; };
		35B0D59518D173A400BB8A74 /* CustomView.m in Sources */ = {isa = PBXBuildFile; fileRef = 35B0D59418D173A400BB8A74 /* CustomView.m */; };
		35B0D59718D173C200BB8A74 /* CustomView.xib in Resources */ = {isa = PBXBuildFile; fileRef = 35B0D59618D173C200BB8A74 /* CustomView.xib */; };
/* End PBXBuildFile section */

/* Begin PBXContainerItemProxy section */
		35B0D57D18D1331B00BB8A74 /* PBXContainerItemProxy */ = {
			isa = PBXContainerItemProxy;
			containerPortal = 35B0D54F18D1331B00BB8A74 /* Project object */;
			proxyType = 1;
			remoteGlobalIDString = 35B0D55618D1331B00BB8A74;
			remoteInfo = InfiniteScrollViewTest;
		};
/* End PBXContainerItemProxy section */

/* Begin PBXFileReference section */
		35B0D55718D1331B00BB8A74 /* InfiniteScrollViewTest.app */ = {isa = PBXFileReference; explicitFileType = wrapper.application; includeInIndex = 0; path = InfiniteScrollViewTest.app; sourceTree = BUILT_PRODUCTS_DIR; };
		35B0D55A18D1331B00BB8A74 /* Foundation.framework */ = {isa = PBXFileReference; lastKnownFileType = wrapper.framework; name = Foundation.framework; path = System/Library/Frameworks/Foundation.framework; sourceTree = SDKROOT; };
		35B0D55C18D1331B00BB8A74 /* CoreGraphics.framework */ = {isa = PBXFileReference; lastKnownFileType = wrapper.framework; name = CoreGraphics.framework; path = System/Library/Frameworks/CoreGraphics.framework; sourceTree = SDKROOT; };
		35B0D55E18D1331B00BB8A74 /* UIKit.framework */ = {isa = PBXFileReference; lastKnownFileType = wrapper.framework; name = UIKit.framework; path = System/Library/Frameworks/UIKit.framework; sourceTree = SDKROOT; };
		35B0D56218D1331B00BB8A74 /* InfiniteScrollViewTest-Info.plist */ = {isa = PBXFileReference; lastKnownFileType = text.plist.xml; path = "InfiniteScrollViewTest-Info.plist"; sourceTree = "<group>"; };
		35B0D56418D1331B00BB8A74 /* en */ = {isa = PBXFileReference; lastKnownFileType = text.plist.strings; name = en; path = en.lproj/InfoPlist.strings; sourceTree = "<group>"; };
		35B0D56618D1331B00BB8A74 /* main.m */ = {isa = PBXFileReference; lastKnownFileType = sourcecode.c.objc; path = main.m; sourceTree = "<group>"; };
		35B0D56818D1331B00BB8A74 /* InfiniteScrollViewTest-Prefix.pch */ = {isa = PBXFileReference; lastKnownFileType = sourcecode.c.h; path = "InfiniteScrollViewTest-Prefix.pch"; sourceTree = "<group>"; };
		35B0D56918D1331B00BB8A74 /* AppDelegate.h */ = {isa = PBXFileReference; lastKnownFileType = sourcecode.c.h; path = AppDelegate.h; sourceTree = "<group>"; };
		35B0D56A18D1331B00BB8A74 /* AppDelegate.m */ = {isa = PBXFileReference; lastKnownFileType = sourcecode.c.objc; path = AppDelegate.m; sourceTree = "<group>"; };
		35B0D56D18D1331B00BB8A74 /* Base */ = {isa = PBXFileReference; lastKnownFileType = file.storyboard; name = Base; path = Base.lproj/Main.storyboard; sourceTree = "<group>"; };
		35B0D56F18D1331B00BB8A74 /* ViewController.h */ = {isa = PBXFileReference; lastKnownFileType = sourcecode.c.h; path = ViewController.h; sourceTree = "<group>"; };
		35B0D57018D1331B00BB8A74 /* ViewController.m */ = {isa = PBXFileReference; lastKnownFileType = sourcecode.c.objc; path = ViewController.m; sourceTree = "<group>"; };
		35B0D57218D1331B00BB8A74 /* Images.xcassets */ = {isa = PBXFileReference; lastKnownFileType = folder.assetcatalog; path = Images.xcassets; sourceTree = "<group>"; };
		35B0D57818D1331B00BB8A74 /* InfiniteScrollViewTestTests.xctest */ = {isa = PBXFileReference; explicitFileType = wrapper.cfbundle; includeInIndex = 0; path = InfiniteScrollViewTestTests.xctest; sourceTree = BUILT_PRODUCTS_DIR; };
		35B0D57918D1331B00BB8A74 /* XCTest.framework */ = {isa = PBXFileReference; lastKnownFileType = wrapper.framework; name = XCTest.framework; path = Library/Frameworks/XCTest.framework; sourceTree = DEVELOPER_DIR; };
		35B0D58118D1331B00BB8A74 /* InfiniteScrollViewTestTests-Info.plist */ = {isa = PBXFileReference; lastKnownFileType = text.plist.xml; path = "InfiniteScrollViewTestTests-Info.plist"; sourceTree = "<group>"; };
		35B0D58318D1331B00BB8A74 /* en */ = {isa = PBXFileReference; lastKnownFileType = text.plist.strings; name = en; path = en.lproj/InfoPlist.strings; sourceTree = "<group>"; };
		35B0D58518D1331B00BB8A74 /* InfiniteScrollViewTestTests.m */ = {isa = PBXFileReference; lastKnownFileType = sourcecode.c.objc; path = InfiniteScrollViewTestTests.m; sourceTree = "<group>"; };
		35B0D59018D1333E00BB8A74 /* HEInfiniteScrollView.h */ = {isa = PBXFileReference; fileEncoding = 4; lastKnownFileType = sourcecode.c.h; path = HEInfiniteScrollView.h; sourceTree = "<group>"; };
		35B0D59118D1333E00BB8A74 /* HEInfiniteScrollView.m */ = {isa = PBXFileReference; fileEncoding = 4; lastKnownFileType = sourcecode.c.objc; path = HEInfiniteScrollView.m; sourceTree = "<group>"; };
		35B0D59318D173A400BB8A74 /* CustomView.h */ = {isa = PBXFileReference; fileEncoding = 4; lastKnownFileType = sourcecode.c.h; path = CustomView.h; sourceTree = "<group>"; };
		35B0D59418D173A400BB8A74 /* CustomView.m */ = {isa = PBXFileReference; fileEncoding = 4; lastKnownFileType = sourcecode.c.objc; path = CustomView.m; sourceTree = "<group>"; };
		35B0D59618D173C200BB8A74 /* CustomView.xib */ = {isa = PBXFileReference; fileEncoding = 4; lastKnownFileType = file.xib; path = CustomView.xib; sourceTree = "<group>"; };
/* End PBXFileReference section */

/* Begin PBXFrameworksBuildPhase section */
		35B0D55418D1331B00BB8A74 /* Frameworks */ = {
			isa = PBXFrameworksBuildPhase;
			buildActionMask = 2147483647;
			files = (
				35B0D55D18D1331B00BB8A74 /* CoreGraphics.framework in Frameworks */,
				35B0D55F18D1331B00BB8A74 /* UIKit.framework in Frameworks */,
				35B0D55B18D1331B00BB8A74 /* Foundation.framework in Frameworks */,
			);
			runOnlyForDeploymentPostprocessing = 0;
		};
		35B0D57518D1331B00BB8A74 /* Frameworks */ = {
			isa = PBXFrameworksBuildPhase;
			buildActionMask = 2147483647;
			files = (
				35B0D57A18D1331B00BB8A74 /* XCTest.framework in Frameworks */,
				35B0D57C18D1331B00BB8A74 /* UIKit.framework in Frameworks */,
				35B0D57B18D1331B00BB8A74 /* Foundation.framework in Frameworks */,
			);
			runOnlyForDeploymentPostprocessing = 0;
		};
/* End PBXFrameworksBuildPhase section */

/* Begin PBXGroup section */
		35B0D54E18D1331B00BB8A74 = {
			isa = PBXGroup;
			children = (
				35B0D56018D1331B00BB8A74 /* InfiniteScrollViewTest */,
				35B0D57F18D1331B00BB8A74 /* InfiniteScrollViewTestTests */,
				35B0D55918D1331B00BB8A74 /* Frameworks */,
				35B0D55818D1331B00BB8A74 /* Products */,
			);
			sourceTree = "<group>";
		};
		35B0D55818D1331B00BB8A74 /* Products */ = {
			isa = PBXGroup;
			children = (
				35B0D55718D1331B00BB8A74 /* InfiniteScrollViewTest.app */,
				35B0D57818D1331B00BB8A74 /* InfiniteScrollViewTestTests.xctest */,
			);
			name = Products;
			sourceTree = "<group>";
		};
		35B0D55918D1331B00BB8A74 /* Frameworks */ = {
			isa = PBXGroup;
			children = (
				35B0D55A18D1331B00BB8A74 /* Foundation.framework */,
				35B0D55C18D1331B00BB8A74 /* CoreGraphics.framework */,
				35B0D55E18D1331B00BB8A74 /* UIKit.framework */,
				35B0D57918D1331B00BB8A74 /* XCTest.framework */,
			);
			name = Frameworks;
			sourceTree = "<group>";
		};
		35B0D56018D1331B00BB8A74 /* InfiniteScrollViewTest */ = {
			isa = PBXGroup;
			children = (
				35B0D58F18D1332F00BB8A74 /* InfiniteScrollView */,
				35B0D56918D1331B00BB8A74 /* AppDelegate.h */,
				35B0D56A18D1331B00BB8A74 /* AppDelegate.m */,
				35B0D56C18D1331B00BB8A74 /* Main.storyboard */,
				35B0D56F18D1331B00BB8A74 /* ViewController.h */,
				35B0D57018D1331B00BB8A74 /* ViewController.m */,
				35B0D59318D173A400BB8A74 /* CustomView.h */,
				35B0D59418D173A400BB8A74 /* CustomView.m */,
				35B0D59618D173C200BB8A74 /* CustomView.xib */,
				35B0D57218D1331B00BB8A74 /* Images.xcassets */,
				35B0D56118D1331B00BB8A74 /* Supporting Files */,
			);
			path = InfiniteScrollViewTest;
			sourceTree = "<group>";
		};
		35B0D56118D1331B00BB8A74 /* Supporting Files */ = {
			isa = PBXGroup;
			children = (
				35B0D56218D1331B00BB8A74 /* InfiniteScrollViewTest-Info.plist */,
				35B0D56318D1331B00BB8A74 /* InfoPlist.strings */,
				35B0D56618D1331B00BB8A74 /* main.m */,
				35B0D56818D1331B00BB8A74 /* InfiniteScrollViewTest-Prefix.pch */,
			);
			name = "Supporting Files";
			sourceTree = "<group>";
		};
		35B0D57F18D1331B00BB8A74 /* InfiniteScrollViewTestTests */ = {
			isa = PBXGroup;
			children = (
				35B0D58518D1331B00BB8A74 /* InfiniteScrollViewTestTests.m */,
				35B0D58018D1331B00BB8A74 /* Supporting Files */,
			);
			path = InfiniteScrollViewTestTests;
			sourceTree = "<group>";
		};
		35B0D58018D1331B00BB8A74 /* Supporting Files */ = {
			isa = PBXGroup;
			children = (
				35B0D58118D1331B00BB8A74 /* InfiniteScrollViewTestTests-Info.plist */,
				35B0D58218D1331B00BB8A74 /* InfoPlist.strings */,
			);
			name = "Supporting Files";
			sourceTree = "<group>";
		};
		35B0D58F18D1332F00BB8A74 /* InfiniteScrollView */ = {
			isa = PBXGroup;
			children = (
				35B0D59018D1333E00BB8A74 /* HEInfiniteScrollView.h */,
				35B0D59118D1333E00BB8A74 /* HEInfiniteScrollView.m */,
			);
			path = InfiniteScrollView;
			sourceTree = SOURCE_ROOT;
		};
/* End PBXGroup section */

/* Begin PBXNativeTarget section */
		35B0D55618D1331B00BB8A74 /* InfiniteScrollViewTest */ = {
			isa = PBXNativeTarget;
			buildConfigurationList = 35B0D58918D1331B00BB8A74 /* Build configuration list for PBXNativeTarget "InfiniteScrollViewTest" */;
			buildPhases = (
				35B0D55318D1331B00BB8A74 /* Sources */,
				35B0D55418D1331B00BB8A74 /* Frameworks */,
				35B0D55518D1331B00BB8A74 /* Resources */,
			);
			buildRules = (
			);
			dependencies = (
			);
			name = InfiniteScrollViewTest;
			productName = InfiniteScrollViewTest;
			productReference = 35B0D55718D1331B00BB8A74 /* InfiniteScrollViewTest.app */;
			productType = "com.apple.product-type.application";
		};
		35B0D57718D1331B00BB8A74 /* InfiniteScrollViewTestTests */ = {
			isa = PBXNativeTarget;
			buildConfigurationList = 35B0D58C18D1331B00BB8A74 /* Build configuration list for PBXNativeTarget "InfiniteScrollViewTestTests" */;
			buildPhases = (
				35B0D57418D1331B00BB8A74 /* Sources */,
				35B0D57518D1331B00BB8A74 /* Frameworks */,
				35B0D57618D1331B00BB8A74 /* Resources */,
			);
			buildRules = (
			);
			dependencies = (
				35B0D57E18D1331B00BB8A74 /* PBXTargetDependency */,
			);
			name = InfiniteScrollViewTestTests;
			productName = InfiniteScrollViewTestTests;
			productReference = 35B0D57818D1331B00BB8A74 /* InfiniteScrollViewTestTests.xctest */;
			productType = "com.apple.product-type.bundle.unit-test";
		};
/* End PBXNativeTarget section */

/* Begin PBXProject section */
		35B0D54F18D1331B00BB8A74 /* Project object */ = {
			isa = PBXProject;
			attributes = {
				LastUpgradeCheck = 0510;
				ORGANIZATIONNAME = Hikaeru;
				TargetAttributes = {
					35B0D57718D1331B00BB8A74 = {
						TestTargetID = 35B0D55618D1331B00BB8A74;
					};
				};
			};
			buildConfigurationList = 35B0D55218D1331B00BB8A74 /* Build configuration list for PBXProject "InfiniteScrollViewTest" */;
			compatibilityVersion = "Xcode 3.2";
			developmentRegion = English;
			hasScannedForEncodings = 0;
			knownRegions = (
				en,
				Base,
			);
			mainGroup = 35B0D54E18D1331B00BB8A74;
			productRefGroup = 35B0D55818D1331B00BB8A74 /* Products */;
			projectDirPath = "";
			projectRoot = "";
			targets = (
				35B0D55618D1331B00BB8A74 /* InfiniteScrollViewTest */,
				35B0D57718D1331B00BB8A74 /* InfiniteScrollViewTestTests */,
			);
		};
/* End PBXProject section */

/* Begin PBXResourcesBuildPhase section */
		35B0D55518D1331B00BB8A74 /* Resources */ = {
			isa = PBXResourcesBuildPhase;
			buildActionMask = 2147483647;
			files = (
				35B0D57318D1331B00BB8A74 /* Images.xcassets in Resources */,
				35B0D59718D173C200BB8A74 /* CustomView.xib in Resources */,
				35B0D56518D1331B00BB8A74 /* InfoPlist.strings in Resources */,
				35B0D56E18D1331B00BB8A74 /* Main.storyboard in Resources */,
			);
			runOnlyForDeploymentPostprocessing = 0;
		};
		35B0D57618D1331B00BB8A74 /* Resources */ = {
			isa = PBXResourcesBuildPhase;
			buildActionMask = 2147483647;
			files = (
				35B0D58418D1331B00BB8A74 /* InfoPlist.strings in Resources */,
			);
			runOnlyForDeploymentPostprocessing = 0;
		};
/* End PBXResourcesBuildPhase section */

/* Begin PBXSourcesBuildPhase section */
		35B0D55318D1331B00BB8A74 /* Sources */ = {
			isa = PBXSourcesBuildPhase;
			buildActionMask = 2147483647;
			files = (
				35B0D59518D173A400BB8A74 /* CustomView.m in Sources */,
				35B0D57118D1331B00BB8A74 /* ViewController.m in Sources */,
				35B0D56B18D1331B00BB8A74 /* AppDelegate.m in Sources */,
				35B0D56718D1331B00BB8A74 /* main.m in Sources */,
				35B0D59218D1333E00BB8A74 /* HEInfiniteScrollView.m in Sources */,
			);
			runOnlyForDeploymentPostprocessing = 0;
		};
		35B0D57418D1331B00BB8A74 /* Sources */ = {
			isa = PBXSourcesBuildPhase;
			buildActionMask = 2147483647;
			files = (
				35B0D58618D1331B00BB8A74 /* InfiniteScrollViewTestTests.m in Sources */,
			);
			runOnlyForDeploymentPostprocessing = 0;
		};
/* End PBXSourcesBuildPhase section */

/* Begin PBXTargetDependency section */
		35B0D57E18D1331B00BB8A74 /* PBXTargetDependency */ = {
			isa = PBXTargetDependency;
			target = 35B0D55618D1331B00BB8A74 /* InfiniteScrollViewTest */;
			targetProxy = 35B0D57D18D1331B00BB8A74 /* PBXContainerItemProxy */;
		};
/* End PBXTargetDependency section */

/* Begin PBXVariantGroup section */
		35B0D56318D1331B00BB8A74 /* InfoPlist.strings */ = {
			isa = PBXVariantGroup;
			children = (
				35B0D56418D1331B00BB8A74 /* en */,
			);
			name = InfoPlist.strings;
			sourceTree = "<group>";
		};
		35B0D56C18D1331B00BB8A74 /* Main.storyboard */ = {
			isa = PBXVariantGroup;
			children = (
				35B0D56D18D1331B00BB8A74 /* Base */,
			);
			name = Main.storyboard;
			sourceTree = "<group>";
		};
		35B0D58218D1331B00BB8A74 /* InfoPlist.strings */ = {
			isa = PBXVariantGroup;
			children = (
				35B0D58318D1331B00BB8A74 /* en */,
			);
			name = InfoPlist.strings;
			sourceTree = "<group>";
		};
/* End PBXVariantGroup section */

/* Begin XCBuildConfiguration section */
		35B0D58718D1331B00BB8A74 /* Debug */ = {
			isa = XCBuildConfiguration;
			buildSettings = {
				ALWAYS_SEARCH_USER_PATHS = NO;
				CLANG_CXX_LANGUAGE_STANDARD = "gnu++0x";
				CLANG_CXX_LIBRARY = "libc++";
				CLANG_ENABLE_MODULES = YES;
				CLANG_ENABLE_OBJC_ARC = YES;
				CLANG_WARN_BOOL_CONVERSION = YES;
				CLANG_WARN_CONSTANT_CONVERSION = YES;
				CLANG_WARN_DIRECT_OBJC_ISA_USAGE = YES_ERROR;
				CLANG_WARN_EMPTY_BODY = YES;
				CLANG_WARN_ENUM_CONVERSION = YES;
				CLANG_WARN_INT_CONVERSION = YES;
				CLANG_WARN_OBJC_ROOT_CLASS = YES_ERROR;
				CLANG_WARN__DUPLICATE_METHOD_MATCH = YES;
				"CODE_SIGN_IDENTITY[sdk=iphoneos*]" = "iPhone Developer";
				COPY_PHASE_STRIP = NO;
				GCC_C_LANGUAGE_STANDARD = gnu99;
				GCC_DYNAMIC_NO_PIC = NO;
				GCC_OPTIMIZATION_LEVEL = 0;
				GCC_PREPROCESSOR_DEFINITIONS = (
					"DEBUG=1",
					"$(inherited)",
				);
				GCC_SYMBOLS_PRIVATE_EXTERN = NO;
				GCC_WARN_64_TO_32_BIT_CONVERSION = YES;
				GCC_WARN_ABOUT_RETURN_TYPE = YES_ERROR;
				GCC_WARN_UNDECLARED_SELECTOR = YES;
				GCC_WARN_UNINITIALIZED_AUTOS = YES_AGGRESSIVE;
				GCC_WARN_UNUSED_FUNCTION = YES;
				GCC_WARN_UNUSED_VARIABLE = YES;
				IPHONEOS_DEPLOYMENT_TARGET = 7.1;
				ONLY_ACTIVE_ARCH = YES;
				SDKROOT = iphoneos;
			};
			name = Debug;
		};
		35B0D58818D1331B00BB8A74 /* Release */ = {
			isa = XCBuildConfiguration;
			buildSettings = {
				ALWAYS_SEARCH_USER_PATHS = NO;
				CLANG_CXX_LANGUAGE_STANDARD = "gnu++0x";
				CLANG_CXX_LIBRARY = "libc++";
				CLANG_ENABLE_MODULES = YES;
				CLANG_ENABLE_OBJC_ARC = YES;
				CLANG_WARN_BOOL_CONVERSION = YES;
				CLANG_WARN_CONSTANT_CONVERSION = YES;
				CLANG_WARN_DIRECT_OBJC_ISA_USAGE = YES_ERROR;
				CLANG_WARN_EMPTY_BODY = YES;
				CLANG_WARN_ENUM_CONVERSION = YES;
				CLANG_WARN_INT_CONVERSION = YES;
				CLANG_WARN_OBJC_ROOT_CLASS = YES_ERROR;
				CLANG_WARN__DUPLICATE_METHOD_MATCH = YES;
				"CODE_SIGN_IDENTITY[sdk=iphoneos*]" = "iPhone Developer";
				COPY_PHASE_STRIP = YES;
				ENABLE_NS_ASSERTIONS = NO;
				GCC_C_LANGUAGE_STANDARD = gnu99;
				GCC_WARN_64_TO_32_BIT_CONVERSION = YES;
				GCC_WARN_ABOUT_RETURN_TYPE = YES_ERROR;
				GCC_WARN_UNDECLARED_SELECTOR = YES;
				GCC_WARN_UNINITIALIZED_AUTOS = YES_AGGRESSIVE;
				GCC_WARN_UNUSED_FUNCTION = YES;
				GCC_WARN_UNUSED_VARIABLE = YES;
				IPHONEOS_DEPLOYMENT_TARGET = 7.1;
				SDKROOT = iphoneos;
				VALIDATE_PRODUCT = YES;
			};
			name = Release;
		};
		35B0D58A18D1331B00BB8A74 /* Debug */ = {
			isa = XCBuildConfiguration;
			buildSettings = {
				ASSETCATALOG_COMPILER_APPICON_NAME = AppIcon;
				ASSETCATALOG_COMPILER_LAUNCHIMAGE_NAME = LaunchImage;
				GCC_PRECOMPILE_PREFIX_HEADER = YES;
				GCC_PREFIX_HEADER = "InfiniteScrollViewTest/InfiniteScrollViewTest-Prefix.pch";
				INFOPLIST_FILE = "InfiniteScrollViewTest/InfiniteScrollViewTest-Info.plist";
				PRODUCT_NAME = "$(TARGET_NAME)";
				WRAPPER_EXTENSION = app;
			};
			name = Debug;
		};
		35B0D58B18D1331B00BB8A74 /* Release */ = {
			isa = XCBuildConfiguration;
			buildSettings = {
				ASSETCATALOG_COMPILER_APPICON_NAME = AppIcon;
				ASSETCATALOG_COMPILER_LAUNCHIMAGE_NAME = LaunchImage;
				GCC_PRECOMPILE_PREFIX_HEADER = YES;
				GCC_PREFIX_HEADER = "InfiniteScrollViewTest/InfiniteScrollViewTest-Prefix.pch";
				INFOPLIST_FILE = "InfiniteScrollViewTest/InfiniteScrollViewTest-Info.plist";
				PRODUCT_NAME = "$(TARGET_NAME)";
				WRAPPER_EXTENSION = app;
			};
			name = Release;
		};
		35B0D58D18D1331B00BB8A74 /* Debug */ = {
			isa = XCBuildConfiguration;
			buildSettings = {
				BUNDLE_LOADER = "$(BUILT_PRODUCTS_DIR)/InfiniteScrollViewTest.app/InfiniteScrollViewTest";
				FRAMEWORK_SEARCH_PATHS = (
					"$(SDKROOT)/Developer/Library/Frameworks",
					"$(inherited)",
					"$(DEVELOPER_FRAMEWORKS_DIR)",
				);
				GCC_PRECOMPILE_PREFIX_HEADER = YES;
				GCC_PREFIX_HEADER = "InfiniteScrollViewTest/InfiniteScrollViewTest-Prefix.pch";
				GCC_PREPROCESSOR_DEFINITIONS = (
					"DEBUG=1",
					"$(inherited)",
				);
				INFOPLIST_FILE = "InfiniteScrollViewTestTests/InfiniteScrollViewTestTests-Info.plist";
				PRODUCT_NAME = "$(TARGET_NAME)";
				TEST_HOST = "$(BUNDLE_LOADER)";
				WRAPPER_EXTENSION = xctest;
			};
			name = Debug;
		};
		35B0D58E18D1331B00BB8A74 /* Release */ = {
			isa = XCBuildConfiguration;
			buildSettings = {
				BUNDLE_LOADER = "$(BUILT_PRODUCTS_DIR)/InfiniteScrollViewTest.app/InfiniteScrollViewTest";
				FRAMEWORK_SEARCH_PATHS = (
					"$(SDKROOT)/Developer/Library/Frameworks",
					"$(inherited)",
					"$(DEVELOPER_FRAMEWORKS_DIR)",
				);
				GCC_PRECOMPILE_PREFIX_HEADER = YES;
				GCC_PREFIX_HEADER = "InfiniteScrollViewTest/InfiniteScrollViewTest-Prefix.pch";
				INFOPLIST_FILE = "InfiniteScrollViewTestTests/InfiniteScrollViewTestTests-Info.plist";
				PRODUCT_NAME = "$(TARGET_NAME)";
				TEST_HOST = "$(BUNDLE_LOADER)";
				WRAPPER_EXTENSION = xctest;
			};
			name = Release;
		};
/* End XCBuildConfiguration section */

/* Begin XCConfigurationList section */
		35B0D55218D1331B00BB8A74 /* Build configuration list for PBXProject "InfiniteScrollViewTest" */ = {
			isa = XCConfigurationList;
			buildConfigurations = (
				35B0D58718D1331B00BB8A74 /* Debug */,
				35B0D58818D1331B00BB8A74 /* Release */,
			);
			defaultConfigurationIsVisible = 0;
			defaultConfigurationName = Release;
		};
		35B0D58918D1331B00BB8A74 /* Build configuration list for PBXNativeTarget "InfiniteScrollViewTest" */ = {
			isa = XCConfigurationList;
			buildConfigurations = (
				35B0D58A18D1331B00BB8A74 /* Debug */,
				35B0D58B18D1331B00BB8A74 /* Release */,
			);
			defaultConfigurationIsVisible = 0;
		};
		35B0D58C18D1331B00BB8A74 /* Build configuration list for PBXNativeTarget "InfiniteScrollViewTestTests" */ = {
			isa = XCConfigurationList;
			buildConfigurations = (
				35B0D58D18D1331B00BB8A74 /* Debug */,
				35B0D58E18D1331B00BB8A74 /* Release */,
			);
			defaultConfigurationIsVisible = 0;
		};
/* End XCConfigurationList section */
	};
	rootObject = 35B0D54F18D1331B00BB8A74 /* Project object */;
}
